{
  "name": "agentcal-sync",
  "version": "1.0.0",
  "lockfileVersion": 3,
  "requires": true,
  "packages": {
    "": {
      "name": "agentcal-sync",
      "version": "1.0.0",
      "dependencies": {
        "@composio/core": "0.21.0"
      },
      "engines": {
        "node": ">=22.22.3"
      }
    },
    "node_modules/@cfworker/json-schema": {
      "version": "4.1.1",
      "resolved": "https://registry.npmjs.org/@cfworker/json-schema/-/json-schema-4.1.1.tgz",
      "integrity": "sha512-gAmrUZSGtKc3AiBL71iNWxDsyUC5uMaKKGdvzYsBoTW/xi42JQHl7eKV2OYzCUqvc+D2RCcf7EXY2iCyFIk6og==",
      "license": "MIT"
    },
    "node_modules/@composio/client": {
      "version": "2.0.0-rc.8",
      "resolved": "https://registry.npmjs.org/@composio/client/-/client-2.0.0-rc.8.tgz",
      "integrity": "sha512-0C0Flmblx0Y3i6iGUY/MvST4aNXn3xEmPEA4wqZd3acm9x6u61/0i1LXCgBzFTTZEveK8YBFRu8Lpo/SMZwAFQ==",
      "license": "Apache-2.0",
      "engines": {
        "node": ">=22"
      }
    },
    "node_modules/@composio/core": {
      "version": "0.21.0",
      "resolved": "https://registry.npmjs.org/@composio/core/-/core-0.21.0.tgz",
      "integrity": "sha512-fAgbqBdmYUbhIS/HWUtaUCG+QlPktyHXYbZwJ3xH7et5Pyw4YLQbw4UW+L7v4cQus8ijGgvjtmK7ZJL6tmWMmw==",
      "license": "ISC",
      "dependencies": {
        "@composio/client": "2.0.0-rc.8",
        "@composio/json-schema-to-zod": "0.3.3",
        "@types/json-schema": "^7.0.15",
        "is-fs-case-sensitive": "^2.0.0",
        "openai": "^7.15.0",
        "picocolors": "^1.1.1",
        "pusher-js": "^8.6.0",
        "semver": "^7.8.5",
        "undici": "^7.29.1",
        "zod-to-json-schema": "^3.25.2"
      },
      "engines": {
        "node": ">=22.22.3"
      },
      "peerDependencies": {
        "zod": ">=3.25.76 <5"
      }
    },
    "node_modules/@composio/json-schema-to-zod": {
      "version": "0.3.3",
      "resolved": "https://registry.npmjs.org/@composio/json-schema-to-zod/-/json-schema-to-zod-0.3.3.tgz",
      "integrity": "sha512-QmgYo4IeK5/34Iqo1jSx6fSnLEyL++07FlW5Y6SfGFOhyb5htnY+vZPjs/tL8puJYhiEU7FV7kXdu5EAQoGrSA==",
      "license": "ISC",
      "dependencies": {
        "@cfworker/json-schema": "^4.1.1",
        "dequal": "^2.0.3"
      },
      "engines": {
        "node": ">=22.22.3"
      },
      "peerDependencies": {
        "zod": ">=3.25.76 <5"
      }
    },
    "node_modules/@types/json-schema": {
      "version": "7.0.15",
      "resolved": "https://registry.npmjs.org/@types/json-schema/-/json-schema-7.0.15.tgz",
      "integrity": "sha512-5+fP8P8MFNC+AyZCDxrB2pkZFPGzqQWUzpSeuuVLvm8VMcorNYavBqoFcxK8bQz4Qsbn4oUEEem4wDLfcysGHA==",
      "license": "MIT"
    },
    "node_modules/dequal": {
      "version": "2.0.3",
      "resolved": "https://registry.npmjs.org/dequal/-/dequal-2.0.3.tgz",
      "integrity": "sha512-0je+qPKHEMohvfRTCEo3CrPG6cAzAYgmzKyxRiYSSDkS6eGJdyVJm7WaYA5ECaAD9wLB2T4EEeymA5aFVcYXCA==",
      "license": "MIT",
      "engines": {
        "node": ">=6"
      }
    },
    "node_modules/is-fs-case-sensitive": {
      "version": "2.0.0",
      "resolved": "https://registry.npmjs.org/is-fs-case-sensitive/-/is-fs-case-sensitive-2.0.0.tgz",
      "integrity": "sha512-JoCsyGITdYPM+pUbeMQ4IiEuQ4wjPdeWORlG7n644isewbcxiQIr+9gmF5k7UabTP/jLBRkbgydEamR7JZBKHA==",
      "license": "MIT",
      "funding": {
        "url": "https://github.com/privatenumber/is-fs-case-sensitive?sponsor=1"
      }
    },
    "node_modules/openai": {
      "version": "7.23.0",
      "resolved": "https://registry.npmjs.org/openai/-/openai-7.23.0.tgz",
      "integrity": "sha512-0ecOXnFSMNWZq6cUBcTV6Lf93y+fm8BH/+QzFvpoP1UGNOE5pnytRa6HAPGCw+3IS9SIAW7rc1M8yyzN1PiBAQ==",
      "license": "Apache-2.0",
      "engines": {
        "node": ">=22.0.0"
      },
      "peerDependencies": {
        "@aws-sdk/credential-provider-node": ">=3.972.0 <4",
        "@smithy/hash-node": ">=4.3.0 <5",
        "@smithy/signature-v4": ">=5.4.0 <6",
        "undici": ">=5 <9",
        "ws": "^8.21.0",
        "zod": "^3.25 || ^4.0"
      },
      "peerDependenciesMeta": {
        "@aws-sdk/credential-provider-node": {
          "optional": true
        },
        "@smithy/hash-node": {
          "optional": true
        },
        "@smithy/signature-v4": {
          "optional": true
        },
        "undici": {
          "optional": true
        },
        "ws": {
          "optional": true
        },
        "zod": {
          "optional": true
        }
      }
    },
    "node_modules/picocolors": {
      "version": "1.1.1",
      "resolved": "https://registry.npmjs.org/picocolors/-/picocolors-1.1.1.tgz",
      "integrity": "sha512-xceH2snhtb5M9liqDsmEw56le376mTZkEX/jEb/RxNFyegNul7eNslCXP9FDj/Lcu0X8KEyMceP2ntpaHrDEVA==",
      "license": "ISC"
    },
    "node_modules/pusher-js": {
      "version": "8.6.0",
      "resolved": "https://registry.npmjs.org/pusher-js/-/pusher-js-8.6.0.tgz",
      "integrity": "sha512-wShJPfCS/kYkCBVzVW67wa9cnQIgHTszEK2XHNrFkOgGruuGw081aERAxfRjfdFU+WcIt8x6dvbwkTW4iZuQ8Q==",
      "license": "MIT",
      "dependencies": {
        "tweetnacl": "^1.0.3"
      }
    },
    "node_modules/semver": {
      "version": "7.8.5",
      "resolved": "https://registry.npmjs.org/semver/-/semver-7.8.5.tgz",
      "integrity": "sha512-Y7/KDsb8LjooZpwaqGyulO6DQlksgCncchHGk+sZIY4SBvUocMBEFH5Ur1fI4dV+Jvl0w6cjvucaIi40puRioA==",
      "license": "ISC",
      "bin": {
        "semver": "bin/semver.js"
      },
      "engines": {
        "node": ">=10"
      }
    },
    "node_modules/tweetnacl": {
      "version": "1.0.3",
      "resolved": "https://registry.npmjs.org/tweetnacl/-/tweetnacl-1.0.3.tgz",
      "integrity": "sha512-6rt+RN7aOi1nGMyC4Xa5DdYiukl2UWCbcJft7YhxReBGQD7OAM8Pbxw6YMo4r2diNEA8FEmu32YOn9rhaiE5yw==",
      "license": "Unlicense"
    },
    "node_modules/undici": {
      "version": "7.30.0",
      "resolved": "https://registry.npmjs.org/undici/-/undici-7.30.0.tgz",
      "integrity": "sha512-dkrQXeHSaoamnItlYbmzG0wFYrM0ZwDxCIg0A7aKjTyyhh9svRzCNFEzV+Vm05/yehjCzjDZ31KXfGEjYSztDQ==",
      "license": "MIT",
      "engines": {
        "node": ">=20.18.1"
      }
    },
    "node_modules/zod": {
      "version": "4.6.5",
      "resolved": "https://registry.npmjs.org/zod/-/zod-4.6.5.tgz",
      "integrity": "sha512-v5l/aFXZQeai4awLbOpSoHecE9UiMrnfx75tEXLjNonXVARxQ5mOeipTjROUchszUNCqnE+hqAMujRsRHsut2Q==",
      "license": "MIT",
      "peer": true,
      "funding": {
        "url": "https://github.com/sponsors/colinhacks"
      }
    },
    "node_modules/zod-to-json-schema": {
      "version": "3.25.2",
      "resolved": "https://registry.npmjs.org/zod-to-json-schema/-/zod-to-json-schema-3.25.2.tgz",
      "integrity": "sha512-O/PgfnpT1xKSDeQYSCfRI5Gy3hPf91mKVDuYLUHZJMiDFptvP41MSnWofm8dnCm0256ZNfZIM7DSzuSMAFnjHA==",
      "license": "ISC",
      "peerDependencies": {
        "zod": "^3.25.28 || ^4"
      }
    }
  }
}
